
Microsoft Visual Studio Solution File, Format Version 12.00
# Visual Studio Version 17
VisualStudioVersion = 17.6.33712.159
MinimumVisualStudioVersion = 10.0.40219.1
Project("{9A19103F-16F7-4668-BE54-9A1E7A4F7556}") = "CindaSoftAcedemyCore6", "CindaSoftAcedemyCore6\CindaSoftAcedemyCore6.csproj", "{F36A1677-672F-4411-82C5-355C7FA53F39}"
EndProject
Project("{9A19103F-16F7-4668-BE54-9A1E7A4F7556}") = "EntityLayer", "EntityLayer\EntityLayer.csproj", "{A0C9C5CE-224C-4CEF-8953-F515704B3547}"
EndProject
Project("{9A19103F-16F7-4668-BE54-9A1E7A4F7556}") = "DataAccessLayer", "DataAccessLayer\DataAccessLayer.csproj", "{FB16B323-438A-45DF-AADD-CBAEDE15B65D}"
EndProject
Project("{9A19103F-16F7-4668-BE54-9A1E7A4F7556}") = "BusinessLayer", "BusinessLayer\BusinessLayer.csproj", "{C3572D0B-216C-4E06-BCC7-27FEDADCD0F9}"
EndProject
Project("{FAE04EC0-301F-11D3-BF4B-00C04F79EFBC}") = "DTOLayer", "DTOLayer\DTOLayer.csproj", "{E52B9F4B-A25C-469E-916B-DDE0B594BC09}"
EndProject
Global
	GlobalSection(SolutionConfigurationPlatforms) = preSolution
		Debug|Any CPU = Debug|Any CPU
		Release|Any CPU = Release|Any CPU
	EndGlobalSection
	GlobalSection(ProjectConfigurationPlatforms) = postSolution
		{F36A1677-672F-4411-82C5-355C7FA53F39}.Debug|Any CPU.ActiveCfg = Debug|Any CPU
		{F36A1677-672F-4411-82C5-355C7FA53F39}.Debug|Any CPU.Build.0 = Debug|Any CPU
		{F36A1677-672F-4411-82C5-355C7FA53F39}.Release|Any CPU.ActiveCfg = Release|Any CPU
		{F36A1677-672F-4411-82C5-355C7FA53F39}.Release|Any CPU.Build.0 = Release|Any CPU
		{A0C9C5CE-224C-4CEF-8953-F515704B3547}.Debug|Any CPU.ActiveCfg = Debug|Any CPU
		{A0C9C5CE-224C-4CEF-8953-F515704B3547}.Debug|Any CPU.Build.0 = Debug|Any CPU
		{A0C9C5CE-224C-4CEF-8953-F515704B3547}.Release|Any CPU.ActiveCfg = Release|Any CPU
		{A0C9C5CE-224C-4CEF-8953-F515704B3547}.Release|Any CPU.Build.0 = Release|Any CPU
		{FB16B323-438A-45DF-AADD-CBAEDE15B65D}.Debug|Any CPU.ActiveCfg = Debug|Any CPU
		{FB16B323-438A-45DF-AADD-CBAEDE15B65D}.Debug|Any CPU.Build.0 = Debug|Any CPU
		{FB16B323-438A-45DF-AADD-CBAEDE15B65D}.Release|Any CPU.ActiveCfg = Release|Any CPU
		{FB16B323-438A-45DF-AADD-CBAEDE15B65D}.Release|Any CPU.Build.0 = Release|Any CPU
		{C3572D0B-216C-4E06-BCC7-27FEDADCD0F9}.Debug|Any CPU.ActiveCfg = Debug|Any CPU
		{C3572D0B-216C-4E06-BCC7-27FEDADCD0F9}.Debug|Any CPU.Build.0 = Debug|Any CPU
		{C3572D0B-216C-4E06-BCC7-27FEDADCD0F9}.Release|Any CPU.ActiveCfg = Release|Any CPU
		{C3572D0B-216C-4E06-BCC7-27FEDADCD0F9}.Release|Any CPU.Build.0 = Release|Any CPU
		{E52B9F4B-A25C-469E-916B-DDE0B594BC09}.Debug|Any CPU.ActiveCfg = Debug|Any CPU
		{E52B9F4B-A25C-469E-916B-DDE0B594BC09}.Debug|Any CPU.Build.0 = Debug|Any CPU
		{E52B9F4B-A25C-469E-916B-DDE0B594BC09}.Release|Any CPU.ActiveCfg = Release|Any CPU
		{E52B9F4B-A25C-469E-916B-DDE0B594BC09}.Release|Any CPU.Build.0 = Release|Any CPU
	EndGlobalSection
	GlobalSection(SolutionProperties) = preSolution
		HideSolutionNode = FALSE
	EndGlobalSection
	GlobalSection(ExtensibilityGlobals) = postSolution
		SolutionGuid = {478ED996-7BBA-418F-825F-B7F0A69C7120}
	EndGlobalSection
EndGlobal
